github.com/gonutz/d3d9 v1.2.3 h1:DmsDobNJDN3B5gk3AGcpKq8xZfLbVJ1C6H3bVn4GKKQ=
github.com/gonutz/d3d9 v1.2.3/go.mod h1:q74g3QbR280b+qYauwEV0N9SVadszWPLZ4l/wHiD/AA=
github.com/gonutz/dxc v1.1.0 h1:IOFuTlTiSZCIL34CXJFbZFCxWjj7cRbVbyfdPLsdJCg=
github.com/gonutz/dxc v1.1.0/go.mod h1:SMdn5oWWIFnNdVM/BSLp7QwvC15S/dgabQsajOlk9x8=
github.com/gonutz/w32/v2 v2.11.1 h1:plG738ZY7VIkPGf3adZ6lFeAf2evCKrULKyZT5GrPoc=
github.com/gonutz/w32/v2 v2.11.1/go.mod h1:MgtHx0AScDVNKyB+kjyPder4xIi3XAcHS6LDDU2DmdE=
